
Microsoft Visual Studio Solution File, Format Version 12.00
# Visual Studio Version 17
VisualStudioVersion = 17.4.33403.182
MinimumVisualStudioVersion = 10.0.40219.1
Project("{9A19103F-16F7-4668-BE54-9A1E7A4F7556}") = "WpfApp1", "WpfApp1\WpfApp1.csproj", "{20C65CAA-76BF-47F7-9D05-BA7FAACFB14C}"
EndProject
Project("{9A19103F-16F7-4668-BE54-9A1E7A4F7556}") = "ConsoleApp1", "..\ConsoleApp1\ConsoleApp1\ConsoleApp1.csproj", "{05069F60-A70B-490D-99CD-8977DE168EF5}"
EndProject
Project("{9A19103F-16F7-4668-BE54-9A1E7A4F7556}") = "TestWpfApp", "TestProject2\TestWpfApp.csproj", "{6B680F00-A88F-4F8C-9986-CBF77EF71AE7}"
EndProject
Global
	GlobalSection(SolutionConfigurationPlatforms) = preSolution
		Debug|Any CPU = Debug|Any CPU
		Release|Any CPU = Release|Any CPU
	EndGlobalSection
	GlobalSection(ProjectConfigurationPlatforms) = postSolution
		{20C65CAA-76BF-47F7-9D05-BA7FAACFB14C}.Debug|Any CPU.ActiveCfg = Debug|Any CPU
		{20C65CAA-76BF-47F7-9D05-BA7FAACFB14C}.Debug|Any CPU.Build.0 = Debug|Any CPU
		{20C65CAA-76BF-47F7-9D05-BA7FAACFB14C}.Release|Any CPU.ActiveCfg = Release|Any CPU
		{20C65CAA-76BF-47F7-9D05-BA7FAACFB14C}.Release|Any CPU.Build.0 = Release|Any CPU
		{05069F60-A70B-490D-99CD-8977DE168EF5}.Debug|Any CPU.ActiveCfg = Debug|Any CPU
		{05069F60-A70B-490D-99CD-8977DE168EF5}.Debug|Any CPU.Build.0 = Debug|Any CPU
		{05069F60-A70B-490D-99CD-8977DE168EF5}.Release|Any CPU.ActiveCfg = Release|Any CPU
		{05069F60-A70B-490D-99CD-8977DE168EF5}.Release|Any CPU.Build.0 = Release|Any CPU
		{6B680F00-A88F-4F8C-9986-CBF77EF71AE7}.Debug|Any CPU.ActiveCfg = Debug|Any CPU
		{6B680F00-A88F-4F8C-9986-CBF77EF71AE7}.Debug|Any CPU.Build.0 = Debug|Any CPU
		{6B680F00-A88F-4F8C-9986-CBF77EF71AE7}.Release|Any CPU.ActiveCfg = Release|Any CPU
		{6B680F00-A88F-4F8C-9986-CBF77EF71AE7}.Release|Any CPU.Build.0 = Release|Any CPU
	EndGlobalSection
	GlobalSection(SolutionProperties) = preSolution
		HideSolutionNode = FALSE
	EndGlobalSection
	GlobalSection(ExtensibilityGlobals) = postSolution
		SolutionGuid = {48408137-D7B0-4833-AFCE-FA642A1457F4}
	EndGlobalSection
EndGlobal
